
Microsoft Visual Studio Solution File, Format Version 12.00
# Visual Studio Version 16
VisualStudioVersion = 16.0.29728.190
MinimumVisualStudioVersion = 10.0.40219.1
Project("{FAE04EC0-301F-11D3-BF4B-00C04F79EFBC}") = "IA_vaja1_RNG2", "IA_vaja1_RNG2.csproj", "{AAF487BF-C87E-4CDE-AAF2-CFB5E42BF5C8}"
EndProject
Global
	GlobalSection(SolutionConfigurationPlatforms) = preSolution
		Debug|Any CPU = Debug|Any CPU
		Release|Any CPU = Release|Any CPU
	EndGlobalSection
	GlobalSection(ProjectConfigurationPlatforms) = postSolution
		{AAF487BF-C87E-4CDE-AAF2-CFB5E42BF5C8}.Debug|Any CPU.ActiveCfg = Debug|Any CPU
		{AAF487BF-C87E-4CDE-AAF2-CFB5E42BF5C8}.Debug|Any CPU.Build.0 = Debug|Any CPU
		{AAF487BF-C87E-4CDE-AAF2-CFB5E42BF5C8}.Release|Any CPU.ActiveCfg = Release|Any CPU
		{AAF487BF-C87E-4CDE-AAF2-CFB5E42BF5C8}.Release|Any CPU.Build.0 = Release|Any CPU
	EndGlobalSection
	GlobalSection(SolutionProperties) = preSolution
		HideSolutionNode = FALSE
	EndGlobalSection
	GlobalSection(ExtensibilityGlobals) = postSolution
		SolutionGuid = {F1AC0D07-1C2F-433C-B329-C1E8C39AF1E8}
	EndGlobalSection
EndGlobal
