
Microsoft Visual Studio Solution File, Format Version 12.00
# Visual Studio Version 16
VisualStudioVersion = 16.0.30611.23
MinimumVisualStudioVersion = 10.0.40219.1
Project("{FAE04EC0-301F-11D3-BF4B-00C04F79EFBC}") = "IA_vaja6_Drevesa", "IA_vaja6_Drevesa\IA_vaja6_Drevesa.csproj", "{6056CA22-55E1-49FD-A984-5A3610D889D8}"
EndProject
Global
	GlobalSection(SolutionConfigurationPlatforms) = preSolution
		Debug|Any CPU = Debug|Any CPU
		Release|Any CPU = Release|Any CPU
	EndGlobalSection
	GlobalSection(ProjectConfigurationPlatforms) = postSolution
		{6056CA22-55E1-49FD-A984-5A3610D889D8}.Debug|Any CPU.ActiveCfg = Debug|Any CPU
		{6056CA22-55E1-49FD-A984-5A3610D889D8}.Debug|Any CPU.Build.0 = Debug|Any CPU
		{6056CA22-55E1-49FD-A984-5A3610D889D8}.Release|Any CPU.ActiveCfg = Release|Any CPU
		{6056CA22-55E1-49FD-A984-5A3610D889D8}.Release|Any CPU.Build.0 = Release|Any CPU
	EndGlobalSection
	GlobalSection(SolutionProperties) = preSolution
		HideSolutionNode = FALSE
	EndGlobalSection
	GlobalSection(ExtensibilityGlobals) = postSolution
		SolutionGuid = {B1A6139E-D3E4-4BB9-84AE-03BC5A8B0F38}
	EndGlobalSection
EndGlobal
