
Microsoft Visual Studio Solution File, Format Version 12.00
# Visual Studio Version 16
VisualStudioVersion = 16.0.30611.23
MinimumVisualStudioVersion = 10.0.40219.1
Project("{FAE04EC0-301F-11D3-BF4B-00C04F79EFBC}") = "IA_vaja4_Simplex", "IA_vaja4_Simplex\IA_vaja4_Simplex.csproj", "{B741244E-8ED0-43DC-8E98-CC4D858237B6}"
EndProject
Global
	GlobalSection(SolutionConfigurationPlatforms) = preSolution
		Debug|Any CPU = Debug|Any CPU
		Release|Any CPU = Release|Any CPU
	EndGlobalSection
	GlobalSection(ProjectConfigurationPlatforms) = postSolution
		{B741244E-8ED0-43DC-8E98-CC4D858237B6}.Debug|Any CPU.ActiveCfg = Debug|Any CPU
		{B741244E-8ED0-43DC-8E98-CC4D858237B6}.Debug|Any CPU.Build.0 = Debug|Any CPU
		{B741244E-8ED0-43DC-8E98-CC4D858237B6}.Release|Any CPU.ActiveCfg = Release|Any CPU
		{B741244E-8ED0-43DC-8E98-CC4D858237B6}.Release|Any CPU.Build.0 = Release|Any CPU
	EndGlobalSection
	GlobalSection(SolutionProperties) = preSolution
		HideSolutionNode = FALSE
	EndGlobalSection
	GlobalSection(ExtensibilityGlobals) = postSolution
		SolutionGuid = {FA9ED914-DB53-40C9-872D-9331ABF72D18}
	EndGlobalSection
EndGlobal
